
Microsoft Visual Studio Solution File, Format Version 12.00
# Visual Studio Version 17
VisualStudioVersion = 17.11.35431.28
MinimumVisualStudioVersion = 10.0.40219.1
Project("{FAE04EC0-301F-11D3-BF4B-00C04F79EFBC}") = "DocuGuard", "DocuGuard\DocuGuard.csproj", "{91709441-9484-4D23-B2F3-87E1718E978A}"
EndProject
Global
	GlobalSection(SolutionConfigurationPlatforms) = preSolution
		Debug|Any CPU = Debug|Any CPU
		Release|Any CPU = Release|Any CPU
	EndGlobalSection
	GlobalSection(ProjectConfigurationPlatforms) = postSolution
		{91709441-9484-4D23-B2F3-87E1718E978A}.Debug|Any CPU.ActiveCfg = Debug|Any CPU
		{91709441-9484-4D23-B2F3-87E1718E978A}.Debug|Any CPU.Build.0 = Debug|Any CPU
		{91709441-9484-4D23-B2F3-87E1718E978A}.Release|Any CPU.ActiveCfg = Release|Any CPU
		{91709441-9484-4D23-B2F3-87E1718E978A}.Release|Any CPU.Build.0 = Release|Any CPU
	EndGlobalSection
	GlobalSection(SolutionProperties) = preSolution
		HideSolutionNode = FALSE
	EndGlobalSection
	GlobalSection(ExtensibilityGlobals) = postSolution
		SolutionGuid = {7EC03227-969F-4CD6-B2F7-5D9E00CDFA2D}
	EndGlobalSection
EndGlobal
